
Microsoft Visual Studio Solution File, Format Version 12.00
# Visual Studio 15
Project("{FAE04EC0-301F-11D3-BF4B-00C04F79EFBC}") = "EventsAndApis.Android", "EventsAndApis.Android\EventsAndApis.Android.csproj", "{D945EABE-0A47-457C-BC7C-6623191309B7}"
EndProject
Project("{FAE04EC0-301F-11D3-BF4B-00C04F79EFBC}") = "EventsAndApis.iOS", "EventsAndApis.iOS\EventsAndApis.iOS.csproj", "{6F3DB99F-FB1C-47EB-B22B-8596135FF5B0}"
EndProject
Project("{FAE04EC0-301F-11D3-BF4B-00C04F79EFBC}") = "EventsAndApis", "EventsAndApis\EventsAndApis.csproj", "{A38E8FBB-1295-4106-834A-A845D5DF1F1B}"
EndProject
Global
	GlobalSection(SolutionConfigurationPlatforms) = preSolution
		Debug|Any CPU = Debug|Any CPU
		Release|Any CPU = Release|Any CPU
		Debug|iPhoneSimulator = Debug|iPhoneSimulator
		Release|iPhoneSimulator = Release|iPhoneSimulator
		Debug|iPhone = Debug|iPhone
		Release|iPhone = Release|iPhone
	EndGlobalSection
	GlobalSection(ProjectConfigurationPlatforms) = postSolution
		{D945EABE-0A47-457C-BC7C-6623191309B7}.Debug|Any CPU.ActiveCfg = Debug|Any CPU
		{D945EABE-0A47-457C-BC7C-6623191309B7}.Debug|Any CPU.Build.0 = Debug|Any CPU
		{D945EABE-0A47-457C-BC7C-6623191309B7}.Release|Any CPU.ActiveCfg = Release|Any CPU
		{D945EABE-0A47-457C-BC7C-6623191309B7}.Release|Any CPU.Build.0 = Release|Any CPU
		{D945EABE-0A47-457C-BC7C-6623191309B7}.Debug|iPhoneSimulator.ActiveCfg = Debug|Any CPU
		{D945EABE-0A47-457C-BC7C-6623191309B7}.Debug|iPhoneSimulator.Build.0 = Debug|Any CPU
		{D945EABE-0A47-457C-BC7C-6623191309B7}.Release|iPhoneSimulator.ActiveCfg = Release|Any CPU
		{D945EABE-0A47-457C-BC7C-6623191309B7}.Release|iPhoneSimulator.Build.0 = Release|Any CPU
		{D945EABE-0A47-457C-BC7C-6623191309B7}.Debug|iPhone.ActiveCfg = Debug|Any CPU
		{D945EABE-0A47-457C-BC7C-6623191309B7}.Debug|iPhone.Build.0 = Debug|Any CPU
		{D945EABE-0A47-457C-BC7C-6623191309B7}.Release|iPhone.ActiveCfg = Release|Any CPU
		{D945EABE-0A47-457C-BC7C-6623191309B7}.Release|iPhone.Build.0 = Release|Any CPU
		{6F3DB99F-FB1C-47EB-B22B-8596135FF5B0}.Debug|Any CPU.ActiveCfg = Debug|iPhoneSimulator
		{6F3DB99F-FB1C-47EB-B22B-8596135FF5B0}.Debug|Any CPU.Build.0 = Debug|iPhoneSimulator
		{6F3DB99F-FB1C-47EB-B22B-8596135FF5B0}.Release|Any CPU.ActiveCfg = Release|iPhoneSimulator
		{6F3DB99F-FB1C-47EB-B22B-8596135FF5B0}.Release|Any CPU.Build.0 = Release|iPhoneSimulator
		{6F3DB99F-FB1C-47EB-B22B-8596135FF5B0}.Debug|iPhoneSimulator.ActiveCfg = Debug|iPhoneSimulator
		{6F3DB99F-FB1C-47EB-B22B-8596135FF5B0}.Debug|iPhoneSimulator.Build.0 = Debug|iPhoneSimulator
		{6F3DB99F-FB1C-47EB-B22B-8596135FF5B0}.Release|iPhoneSimulator.ActiveCfg = Release|iPhoneSimulator
		{6F3DB99F-FB1C-47EB-B22B-8596135FF5B0}.Release|iPhoneSimulator.Build.0 = Release|iPhoneSimulator
		{6F3DB99F-FB1C-47EB-B22B-8596135FF5B0}.Debug|iPhone.ActiveCfg = Debug|iPhone
		{6F3DB99F-FB1C-47EB-B22B-8596135FF5B0}.Debug|iPhone.Build.0 = Debug|iPhone
		{6F3DB99F-FB1C-47EB-B22B-8596135FF5B0}.Release|iPhone.ActiveCfg = Release|iPhone
		{6F3DB99F-FB1C-47EB-B22B-8596135FF5B0}.Release|iPhone.Build.0 = Release|iPhone
		{A38E8FBB-1295-4106-834A-A845D5DF1F1B}.Debug|Any CPU.ActiveCfg = Debug|Any CPU
		{A38E8FBB-1295-4106-834A-A845D5DF1F1B}.Debug|Any CPU.Build.0 = Debug|Any CPU
		{A38E8FBB-1295-4106-834A-A845D5DF1F1B}.Release|Any CPU.ActiveCfg = Release|Any CPU
		{A38E8FBB-1295-4106-834A-A845D5DF1F1B}.Release|Any CPU.Build.0 = Release|Any CPU
		{A38E8FBB-1295-4106-834A-A845D5DF1F1B}.Debug|iPhoneSimulator.ActiveCfg = Debug|Any CPU
		{A38E8FBB-1295-4106-834A-A845D5DF1F1B}.Debug|iPhoneSimulator.Build.0 = Debug|Any CPU
		{A38E8FBB-1295-4106-834A-A845D5DF1F1B}.Release|iPhoneSimulator.ActiveCfg = Release|Any CPU
		{A38E8FBB-1295-4106-834A-A845D5DF1F1B}.Release|iPhoneSimulator.Build.0 = Release|Any CPU
		{A38E8FBB-1295-4106-834A-A845D5DF1F1B}.Debug|iPhone.ActiveCfg = Debug|Any CPU
		{A38E8FBB-1295-4106-834A-A845D5DF1F1B}.Debug|iPhone.Build.0 = Debug|Any CPU
		{A38E8FBB-1295-4106-834A-A845D5DF1F1B}.Release|iPhone.ActiveCfg = Release|Any CPU
		{A38E8FBB-1295-4106-834A-A845D5DF1F1B}.Release|iPhone.Build.0 = Release|Any CPU
	EndGlobalSection
EndGlobal
